
Microsoft Visual Studio Solution File, Format Version 12.00
# Visual Studio Version 17
VisualStudioVersion = 17.1.32228.430
MinimumVisualStudioVersion = 10.0.40219.1
Project("{9A19103F-16F7-4668-BE54-9A1E7A4F7556}") = "CalculadoraIMCPFS", "CaulculadoraIMCPFS\CalculadoraIMCPFS.csproj", "{F7D310C5-C96E-40C5-AF4F-57BA939EB9F2}"
EndProject
Project("{FAE04EC0-301F-11D3-BF4B-00C04F79EFBC}") = "CalculadoraIMCMSTest", "CalculadoraIMCMSTest\CalculadoraIMCMSTest.csproj", "{EC4EC963-FD4F-4C4E-B67D-F16A73797B61}"
EndProject
Project("{FAE04EC0-301F-11D3-BF4B-00C04F79EFBC}") = "CalculadoraIMCXUnit", "CalculadoraIMCXUnit\CalculadoraIMCXUnit.csproj", "{8AF5543D-036B-4C0C-A180-FCC8DC665FD7}"
EndProject
Global
	GlobalSection(SolutionConfigurationPlatforms) = preSolution
		Debug|Any CPU = Debug|Any CPU
		Release|Any CPU = Release|Any CPU
	EndGlobalSection
	GlobalSection(ProjectConfigurationPlatforms) = postSolution
		{F7D310C5-C96E-40C5-AF4F-57BA939EB9F2}.Debug|Any CPU.ActiveCfg = Debug|Any CPU
		{F7D310C5-C96E-40C5-AF4F-57BA939EB9F2}.Debug|Any CPU.Build.0 = Debug|Any CPU
		{F7D310C5-C96E-40C5-AF4F-57BA939EB9F2}.Release|Any CPU.ActiveCfg = Release|Any CPU
		{F7D310C5-C96E-40C5-AF4F-57BA939EB9F2}.Release|Any CPU.Build.0 = Release|Any CPU
		{EC4EC963-FD4F-4C4E-B67D-F16A73797B61}.Debug|Any CPU.ActiveCfg = Debug|Any CPU
		{EC4EC963-FD4F-4C4E-B67D-F16A73797B61}.Debug|Any CPU.Build.0 = Debug|Any CPU
		{EC4EC963-FD4F-4C4E-B67D-F16A73797B61}.Release|Any CPU.ActiveCfg = Release|Any CPU
		{EC4EC963-FD4F-4C4E-B67D-F16A73797B61}.Release|Any CPU.Build.0 = Release|Any CPU
		{8AF5543D-036B-4C0C-A180-FCC8DC665FD7}.Debug|Any CPU.ActiveCfg = Debug|Any CPU
		{8AF5543D-036B-4C0C-A180-FCC8DC665FD7}.Debug|Any CPU.Build.0 = Debug|Any CPU
		{8AF5543D-036B-4C0C-A180-FCC8DC665FD7}.Release|Any CPU.ActiveCfg = Release|Any CPU
		{8AF5543D-036B-4C0C-A180-FCC8DC665FD7}.Release|Any CPU.Build.0 = Release|Any CPU
	EndGlobalSection
	GlobalSection(SolutionProperties) = preSolution
		HideSolutionNode = FALSE
	EndGlobalSection
	GlobalSection(ExtensibilityGlobals) = postSolution
		SolutionGuid = {0E2A540D-19AC-493C-B73A-9D2A5AD43BD2}
	EndGlobalSection
EndGlobal
